
Microsoft Visual Studio Solution File, Format Version 12.00
# Visual Studio Version 17
VisualStudioVersion = 17.11.35303.130
MinimumVisualStudioVersion = 10.0.40219.1
Project("{FAE04EC0-301F-11D3-BF4B-00C04F79EFBC}") = "RKE132 - Week 7 - funktsioonid", "RKE132 - Week 7 - funktsioonid\RKE132 - Week 7 - funktsioonid.csproj", "{06E32C11-7214-4C6D-A07F-4C1D94BBB5BB}"
EndProject
Project("{FAE04EC0-301F-11D3-BF4B-00C04F79EFBC}") = "Funktsioonid ja argumendid", "Funktsioonid ja argumendid\Funktsioonid ja argumendid.csproj", "{17583556-A8E0-451D-8992-09E797C56854}"
EndProject
Project("{FAE04EC0-301F-11D3-BF4B-00C04F79EFBC}") = "Kalkulaator", "Kalkulaator\Kalkulaator.csproj", "{5D0B838B-41D2-4E3F-A290-5AA29DD0F49B}"
EndProject
Project("{FAE04EC0-301F-11D3-BF4B-00C04F79EFBC}") = "Return", "Return\Return.csproj", "{C198D160-9B87-418E-BC50-B3D0340529BA}"
EndProject
Global
	GlobalSection(SolutionConfigurationPlatforms) = preSolution
		Debug|Any CPU = Debug|Any CPU
		Release|Any CPU = Release|Any CPU
	EndGlobalSection
	GlobalSection(ProjectConfigurationPlatforms) = postSolution
		{06E32C11-7214-4C6D-A07F-4C1D94BBB5BB}.Debug|Any CPU.ActiveCfg = Debug|Any CPU
		{06E32C11-7214-4C6D-A07F-4C1D94BBB5BB}.Debug|Any CPU.Build.0 = Debug|Any CPU
		{06E32C11-7214-4C6D-A07F-4C1D94BBB5BB}.Release|Any CPU.ActiveCfg = Release|Any CPU
		{06E32C11-7214-4C6D-A07F-4C1D94BBB5BB}.Release|Any CPU.Build.0 = Release|Any CPU
		{17583556-A8E0-451D-8992-09E797C56854}.Debug|Any CPU.ActiveCfg = Debug|Any CPU
		{17583556-A8E0-451D-8992-09E797C56854}.Debug|Any CPU.Build.0 = Debug|Any CPU
		{17583556-A8E0-451D-8992-09E797C56854}.Release|Any CPU.ActiveCfg = Release|Any CPU
		{17583556-A8E0-451D-8992-09E797C56854}.Release|Any CPU.Build.0 = Release|Any CPU
		{5D0B838B-41D2-4E3F-A290-5AA29DD0F49B}.Debug|Any CPU.ActiveCfg = Debug|Any CPU
		{5D0B838B-41D2-4E3F-A290-5AA29DD0F49B}.Debug|Any CPU.Build.0 = Debug|Any CPU
		{5D0B838B-41D2-4E3F-A290-5AA29DD0F49B}.Release|Any CPU.ActiveCfg = Release|Any CPU
		{5D0B838B-41D2-4E3F-A290-5AA29DD0F49B}.Release|Any CPU.Build.0 = Release|Any CPU
		{C198D160-9B87-418E-BC50-B3D0340529BA}.Debug|Any CPU.ActiveCfg = Debug|Any CPU
		{C198D160-9B87-418E-BC50-B3D0340529BA}.Debug|Any CPU.Build.0 = Debug|Any CPU
		{C198D160-9B87-418E-BC50-B3D0340529BA}.Release|Any CPU.ActiveCfg = Release|Any CPU
		{C198D160-9B87-418E-BC50-B3D0340529BA}.Release|Any CPU.Build.0 = Release|Any CPU
	EndGlobalSection
	GlobalSection(SolutionProperties) = preSolution
		HideSolutionNode = FALSE
	EndGlobalSection
	GlobalSection(ExtensibilityGlobals) = postSolution
		SolutionGuid = {EC6B9019-37CC-4B9A-B40A-04A31C30D4AF}
	EndGlobalSection
EndGlobal
